
Microsoft Visual Studio Solution File, Format Version 12.00
# Visual Studio Version 17
VisualStudioVersion = 17.14.36301.6 d17.14
MinimumVisualStudioVersion = 10.0.40219.1
Project("{FAE04EC0-301F-11D3-BF4B-00C04F79EFBC}") = "ViolinCustomization", "ViolinCustomization.csproj", "{428E1300-66F3-4155-9830-EB68C248F07B}"
EndProject
Global
	GlobalSection(SolutionConfigurationPlatforms) = preSolution
		Debug|Any CPU = Debug|Any CPU
		Release|Any CPU = Release|Any CPU
	EndGlobalSection
	GlobalSection(ProjectConfigurationPlatforms) = postSolution
		{428E1300-66F3-4155-9830-EB68C248F07B}.Debug|Any CPU.ActiveCfg = Debug|Any CPU
		{428E1300-66F3-4155-9830-EB68C248F07B}.Debug|Any CPU.Build.0 = Debug|Any CPU
		{428E1300-66F3-4155-9830-EB68C248F07B}.Release|Any CPU.ActiveCfg = Release|Any CPU
		{428E1300-66F3-4155-9830-EB68C248F07B}.Release|Any CPU.Build.0 = Release|Any CPU
	EndGlobalSection
	GlobalSection(SolutionProperties) = preSolution
		HideSolutionNode = FALSE
	EndGlobalSection
	GlobalSection(ExtensibilityGlobals) = postSolution
		SolutionGuid = {ABAEFF1F-E6B4-4AEC-99D6-3B25A70111D4}
	EndGlobalSection
EndGlobal
