
Microsoft Visual Studio Solution File, Format Version 12.00
# Visual Studio Version 17
VisualStudioVersion = 17.14.36301.6 d17.14
MinimumVisualStudioVersion = 10.0.40219.1
Project("{FAE04EC0-301F-11D3-BF4B-00C04F79EFBC}") = "ViolinChartSample", "ViolinChartSample.csproj", "{6E9B62C6-7E96-4E92-9E80-7074DE442559}"
EndProject
Global
	GlobalSection(SolutionConfigurationPlatforms) = preSolution
		Debug|Any CPU = Debug|Any CPU
		Release|Any CPU = Release|Any CPU
	EndGlobalSection
	GlobalSection(ProjectConfigurationPlatforms) = postSolution
		{6E9B62C6-7E96-4E92-9E80-7074DE442559}.Debug|Any CPU.ActiveCfg = Debug|Any CPU
		{6E9B62C6-7E96-4E92-9E80-7074DE442559}.Debug|Any CPU.Build.0 = Debug|Any CPU
		{6E9B62C6-7E96-4E92-9E80-7074DE442559}.Release|Any CPU.ActiveCfg = Release|Any CPU
		{6E9B62C6-7E96-4E92-9E80-7074DE442559}.Release|Any CPU.Build.0 = Release|Any CPU
	EndGlobalSection
	GlobalSection(SolutionProperties) = preSolution
		HideSolutionNode = FALSE
	EndGlobalSection
	GlobalSection(ExtensibilityGlobals) = postSolution
		SolutionGuid = {36DF9392-CE4D-4440-9A39-71028A1FBC2F}
	EndGlobalSection
EndGlobal
