
Microsoft Visual Studio Solution File, Format Version 12.00
# Visual Studio Version 17
VisualStudioVersion = 17.14.36301.6 d17.14
MinimumVisualStudioVersion = 10.0.40219.1
Project("{FAE04EC0-301F-11D3-BF4B-00C04F79EFBC}") = "ViolinChartSample", "ViolinChartSample\ViolinChartSample.csproj", "{0AB630BE-1945-49C2-9BF5-CC619252708A}"
EndProject
Global
	GlobalSection(SolutionConfigurationPlatforms) = preSolution
		Debug|Any CPU = Debug|Any CPU
		Release|Any CPU = Release|Any CPU
	EndGlobalSection
	GlobalSection(ProjectConfigurationPlatforms) = postSolution
		{0AB630BE-1945-49C2-9BF5-CC619252708A}.Debug|Any CPU.ActiveCfg = Debug|Any CPU
		{0AB630BE-1945-49C2-9BF5-CC619252708A}.Debug|Any CPU.Build.0 = Debug|Any CPU
		{0AB630BE-1945-49C2-9BF5-CC619252708A}.Release|Any CPU.ActiveCfg = Release|Any CPU
		{0AB630BE-1945-49C2-9BF5-CC619252708A}.Release|Any CPU.Build.0 = Release|Any CPU
	EndGlobalSection
	GlobalSection(SolutionProperties) = preSolution
		HideSolutionNode = FALSE
	EndGlobalSection
	GlobalSection(ExtensibilityGlobals) = postSolution
		SolutionGuid = {10283D7C-7B1A-449E-BCD5-59053E468F2D}
	EndGlobalSection
EndGlobal
